{
  "name": "node-app",
  "version": "0.0.1",
  "lockfileVersion": 1,
  "requires": true,
  "dependencies": {
    "mkdirp": {
      "version": "0.3.5",
      "resolved": "https://registry.npmjs.org/mkdirp/-/mkdirp-0.3.5.tgz",
      "integrity": "sha1-3j5fiWHIjHh+4TaN+EmsRBPsqNc="
    },
    "properties-reader": {
      "version": "0.0.15",
      "resolved": "https://registry.npmjs.org/properties-reader/-/properties-reader-0.0.15.tgz",
      "integrity": "sha1-JgogoSKjKqf+FmvSN6Cr7s/1MIY=",
      "requires": {
        "mkdirp": "0.3.5"
      }
    }
  }
}
